// !$*UTF8*$!
{
	archiveVersion = 1;
	classes = {
	};
	objectVersion = 46;
	objects = {

/* Begin PBXAggregateTarget section */
		"SimpleOAuth2::SimpleOAuth2PackageTests::ProductTarget" /* SimpleOAuth2PackageTests */ = {
			isa = PBXAggregateTarget;
			buildConfigurationList = OBJ_31 /* Build configuration list for PBXAggregateTarget "SimpleOAuth2PackageTests" */;
			buildPhases = (
			);
			dependencies = (
				OBJ_34 /* PBXTargetDependency */,
			);
			name = SimpleOAuth2PackageTests;
			productName = SimpleOAuth2PackageTests;
		};
/* End PBXAggregateTarget section */

/* Begin PBXBuildFile section */
		FA4C64D5257A35D8008F7CF8 /* OAuth2Error.swift in Sources */ = {isa = PBXBuildFile; fileRef = FA4C64D0257A35D8008F7CF8 /* OAuth2Error.swift */; };
		FA4C64D6257A35D8008F7CF8 /* JsonDecoder+Extensions.swift in Sources */ = {isa = PBXBuildFile; fileRef = FA4C64D1257A35D8008F7CF8 /* JsonDecoder+Extensions.swift */; };
		FA4C64D7257A35D8008F7CF8 /* OAuth2+Extensions.swift in Sources */ = {isa = PBXBuildFile; fileRef = FA4C64D2257A35D8008F7CF8 /* OAuth2+Extensions.swift */; };
		FA4C64D8257A35D8008F7CF8 /* OAuth2Models.swift in Sources */ = {isa = PBXBuildFile; fileRef = FA4C64D3257A35D8008F7CF8 /* OAuth2Models.swift */; };
		FA4C64D9257A35D8008F7CF8 /* OAuth2Manager.swift in Sources */ = {isa = PBXBuildFile; fileRef = FA4C64D4257A35D8008F7CF8 /* OAuth2Manager.swift */; };
		FA4C6511257A37AD008F7CF8 /* DemoApp.swift in Sources */ = {isa = PBXBuildFile; fileRef = FA4C64FF257A37AB008F7CF8 /* DemoApp.swift */; };
		FA4C6512257A37AD008F7CF8 /* DemoApp.swift in Sources */ = {isa = PBXBuildFile; fileRef = FA4C64FF257A37AB008F7CF8 /* DemoApp.swift */; };
		FA4C6513257A37AD008F7CF8 /* ContentView.swift in Sources */ = {isa = PBXBuildFile; fileRef = FA4C6500257A37AB008F7CF8 /* ContentView.swift */; };
		FA4C6514257A37AD008F7CF8 /* ContentView.swift in Sources */ = {isa = PBXBuildFile; fileRef = FA4C6500257A37AB008F7CF8 /* ContentView.swift */; };
		FA4C6515257A37AD008F7CF8 /* Assets.xcassets in Resources */ = {isa = PBXBuildFile; fileRef = FA4C6501257A37AC008F7CF8 /* Assets.xcassets */; };
		FA4C6516257A37AD008F7CF8 /* Assets.xcassets in Resources */ = {isa = PBXBuildFile; fileRef = FA4C6501257A37AC008F7CF8 /* Assets.xcassets */; };
		FA4C6560257AAB81008F7CF8 /* CredentialsView.swift in Sources */ = {isa = PBXBuildFile; fileRef = FA4C655F257AAB81008F7CF8 /* CredentialsView.swift */; };
		FA4C6561257AAB81008F7CF8 /* CredentialsView.swift in Sources */ = {isa = PBXBuildFile; fileRef = FA4C655F257AAB81008F7CF8 /* CredentialsView.swift */; };
		FA4C65F6257ABDB1008F7CF8 /* OAuth2Models.swift in Sources */ = {isa = PBXBuildFile; fileRef = FA4C64D3257A35D8008F7CF8 /* OAuth2Models.swift */; };
		FA4C65F7257ABDB1008F7CF8 /* OAuth2Error.swift in Sources */ = {isa = PBXBuildFile; fileRef = FA4C64D0257A35D8008F7CF8 /* OAuth2Error.swift */; };
		FA4C65F8257ABDB1008F7CF8 /* OAuth2Manager.swift in Sources */ = {isa = PBXBuildFile; fileRef = FA4C64D4257A35D8008F7CF8 /* OAuth2Manager.swift */; };
		FA4C65F9257ABDB1008F7CF8 /* JsonDecoder+Extensions.swift in Sources */ = {isa = PBXBuildFile; fileRef = FA4C64D1257A35D8008F7CF8 /* JsonDecoder+Extensions.swift */; };
		FA4C65FA257ABDB1008F7CF8 /* OAuth2+Extensions.swift in Sources */ = {isa = PBXBuildFile; fileRef = FA4C64D2257A35D8008F7CF8 /* OAuth2+Extensions.swift */; };
		FA4C65FF257ABDB2008F7CF8 /* OAuth2Models.swift in Sources */ = {isa = PBXBuildFile; fileRef = FA4C64D3257A35D8008F7CF8 /* OAuth2Models.swift */; };
		FA4C6600257ABDB2008F7CF8 /* OAuth2Error.swift in Sources */ = {isa = PBXBuildFile; fileRef = FA4C64D0257A35D8008F7CF8 /* OAuth2Error.swift */; };
		FA4C6601257ABDB2008F7CF8 /* OAuth2Manager.swift in Sources */ = {isa = PBXBuildFile; fileRef = FA4C64D4257A35D8008F7CF8 /* OAuth2Manager.swift */; };
		FA4C6602257ABDB2008F7CF8 /* JsonDecoder+Extensions.swift in Sources */ = {isa = PBXBuildFile; fileRef = FA4C64D1257A35D8008F7CF8 /* JsonDecoder+Extensions.swift */; };
		FA4C6603257ABDB2008F7CF8 /* OAuth2+Extensions.swift in Sources */ = {isa = PBXBuildFile; fileRef = FA4C64D2257A35D8008F7CF8 /* OAuth2+Extensions.swift */; };
		OBJ_29 /* Package.swift in Sources */ = {isa = PBXBuildFile; fileRef = OBJ_6 /* Package.swift */; };
		OBJ_40 /* SimpleOAuth2Tests.swift in Sources */ = {isa = PBXBuildFile; fileRef = OBJ_12 /* SimpleOAuth2Tests.swift */; };
		OBJ_43 /* SimpleOAuth2.framework in Frameworks */ = {isa = PBXBuildFile; fileRef = "SimpleOAuth2::SimpleOAuth2::Product" /* SimpleOAuth2.framework */; };
/* End PBXBuildFile section */

/* Begin PBXContainerItemProxy section */
		FA4C64C6257A35AC008F7CF8 /* PBXContainerItemProxy */ = {
			isa = PBXContainerItemProxy;
			containerPortal = OBJ_1 /* Project object */;
			proxyType = 1;
			remoteGlobalIDString = "SimpleOAuth2::SimpleOAuth2";
			remoteInfo = SimpleOAuth2;
		};
		FA4C64C9257A35AD008F7CF8 /* PBXContainerItemProxy */ = {
			isa = PBXContainerItemProxy;
			containerPortal = OBJ_1 /* Project object */;
			proxyType = 1;
			remoteGlobalIDString = "SimpleOAuth2::SimpleOAuth2Tests";
			remoteInfo = SimpleOAuth2Tests;
		};
/* End PBXContainerItemProxy section */

/* Begin PBXCopyFilesBuildPhase section */
		FA4C658B257AB1DF008F7CF8 /* Embed Frameworks */ = {
			isa = PBXCopyFilesBuildPhase;
			buildActionMask = 2147483647;
			dstPath = "";
			dstSubfolderSpec = 10;
			files = (
			);
			name = "Embed Frameworks";
			runOnlyForDeploymentPostprocessing = 0;
		};
		FA4C65ED257ABD7D008F7CF8 /* Embed Frameworks */ = {
			isa = PBXCopyFilesBuildPhase;
			buildActionMask = 2147483647;
			dstPath = "";
			dstSubfolderSpec = 10;
			files = (
			);
			name = "Embed Frameworks";
			runOnlyForDeploymentPostprocessing = 0;
		};
/* End PBXCopyFilesBuildPhase section */

/* Begin PBXFileReference section */
		FA4C64D0257A35D8008F7CF8 /* OAuth2Error.swift */ = {isa = PBXFileReference; fileEncoding = 4; lastKnownFileType = sourcecode.swift; path = OAuth2Error.swift; sourceTree = "<group>"; };
		FA4C64D1257A35D8008F7CF8 /* JsonDecoder+Extensions.swift */ = {isa = PBXFileReference; fileEncoding = 4; lastKnownFileType = sourcecode.swift; path = "JsonDecoder+Extensions.swift"; sourceTree = "<group>"; };
		FA4C64D2257A35D8008F7CF8 /* OAuth2+Extensions.swift */ = {isa = PBXFileReference; fileEncoding = 4; lastKnownFileType = sourcecode.swift; path = "OAuth2+Extensions.swift"; sourceTree = "<group>"; };
		FA4C64D3257A35D8008F7CF8 /* OAuth2Models.swift */ = {isa = PBXFileReference; fileEncoding = 4; lastKnownFileType = sourcecode.swift; path = OAuth2Models.swift; sourceTree = "<group>"; };
		FA4C64D4257A35D8008F7CF8 /* OAuth2Manager.swift */ = {isa = PBXFileReference; fileEncoding = 4; lastKnownFileType = sourcecode.swift; path = OAuth2Manager.swift; sourceTree = "<group>"; };
		FA4C64FF257A37AB008F7CF8 /* DemoApp.swift */ = {isa = PBXFileReference; lastKnownFileType = sourcecode.swift; path = DemoApp.swift; sourceTree = "<group>"; };
		FA4C6500257A37AB008F7CF8 /* ContentView.swift */ = {isa = PBXFileReference; lastKnownFileType = sourcecode.swift; path = ContentView.swift; sourceTree = "<group>"; };
		FA4C6501257A37AC008F7CF8 /* Assets.xcassets */ = {isa = PBXFileReference; lastKnownFileType = folder.assetcatalog; path = Assets.xcassets; sourceTree = "<group>"; };
		FA4C6506257A37AD008F7CF8 /* Demo.app */ = {isa = PBXFileReference; explicitFileType = wrapper.application; includeInIndex = 0; path = Demo.app; sourceTree = BUILT_PRODUCTS_DIR; };
		FA4C6508257A37AD008F7CF8 /* Info.plist */ = {isa = PBXFileReference; lastKnownFileType = text.plist.xml; path = Info.plist; sourceTree = "<group>"; };
		FA4C650D257A37AD008F7CF8 /* Demo.app */ = {isa = PBXFileReference; explicitFileType = wrapper.application; includeInIndex = 0; path = Demo.app; sourceTree = BUILT_PRODUCTS_DIR; };
		FA4C650F257A37AD008F7CF8 /* Info.plist */ = {isa = PBXFileReference; lastKnownFileType = text.plist.xml; path = Info.plist; sourceTree = "<group>"; };
		FA4C6510257A37AD008F7CF8 /* macOS.entitlements */ = {isa = PBXFileReference; lastKnownFileType = text.plist.entitlements; path = macOS.entitlements; sourceTree = "<group>"; };
		FA4C655F257AAB81008F7CF8 /* CredentialsView.swift */ = {isa = PBXFileReference; lastKnownFileType = sourcecode.swift; path = CredentialsView.swift; sourceTree = "<group>"; };
		OBJ_12 /* SimpleOAuth2Tests.swift */ = {isa = PBXFileReference; lastKnownFileType = sourcecode.swift; path = SimpleOAuth2Tests.swift; sourceTree = "<group>"; };
		OBJ_6 /* Package.swift */ = {isa = PBXFileReference; explicitFileType = sourcecode.swift; path = Package.swift; sourceTree = "<group>"; };
		"SimpleOAuth2::SimpleOAuth2::Product" /* SimpleOAuth2.framework */ = {isa = PBXFileReference; explicitFileType = wrapper.framework; path = SimpleOAuth2.framework; sourceTree = BUILT_PRODUCTS_DIR; };
		"SimpleOAuth2::SimpleOAuth2Tests::Product" /* SimpleOAuth2Tests.xctest */ = {isa = PBXFileReference; explicitFileType = wrapper.cfbundle; path = SimpleOAuth2Tests.xctest; sourceTree = BUILT_PRODUCTS_DIR; };
/* End PBXFileReference section */

/* Begin PBXFrameworksBuildPhase section */
		FA4C6503257A37AD008F7CF8 /* Frameworks */ = {
			isa = PBXFrameworksBuildPhase;
			buildActionMask = 2147483647;
			files = (
			);
			runOnlyForDeploymentPostprocessing = 0;
		};
		FA4C650A257A37AD008F7CF8 /* Frameworks */ = {
			isa = PBXFrameworksBuildPhase;
			buildActionMask = 2147483647;
			files = (
			);
			runOnlyForDeploymentPostprocessing = 0;
		};
		OBJ_23 /* Frameworks */ = {
			isa = PBXFrameworksBuildPhase;
			buildActionMask = 0;
			files = (
			);
			runOnlyForDeploymentPostprocessing = 0;
		};
		OBJ_42 /* Frameworks */ = {
			isa = PBXFrameworksBuildPhase;
			buildActionMask = 0;
			files = (
				OBJ_43 /* SimpleOAuth2.framework in Frameworks */,
			);
			runOnlyForDeploymentPostprocessing = 0;
		};
/* End PBXFrameworksBuildPhase section */

/* Begin PBXGroup section */
		FA4C64FE257A37AB008F7CF8 /* Shared */ = {
			isa = PBXGroup;
			children = (
				FA4C64FF257A37AB008F7CF8 /* DemoApp.swift */,
				FA4C6500257A37AB008F7CF8 /* ContentView.swift */,
				FA4C6501257A37AC008F7CF8 /* Assets.xcassets */,
				FA4C655F257AAB81008F7CF8 /* CredentialsView.swift */,
			);
			path = Shared;
			sourceTree = "<group>";
		};
		FA4C6507257A37AD008F7CF8 /* iOS */ = {
			isa = PBXGroup;
			children = (
				FA4C6508257A37AD008F7CF8 /* Info.plist */,
			);
			path = iOS;
			sourceTree = "<group>";
		};
		FA4C650E257A37AD008F7CF8 /* macOS */ = {
			isa = PBXGroup;
			children = (
				FA4C650F257A37AD008F7CF8 /* Info.plist */,
				FA4C6510257A37AD008F7CF8 /* macOS.entitlements */,
			);
			path = macOS;
			sourceTree = "<group>";
		};
		FA4C6624257D71C2008F7CF8 /* Extensions */ = {
			isa = PBXGroup;
			children = (
				FA4C64D1257A35D8008F7CF8 /* JsonDecoder+Extensions.swift */,
			);
			path = Extensions;
			sourceTree = "<group>";
		};
		OBJ_10 /* Tests */ = {
			isa = PBXGroup;
			children = (
				OBJ_11 /* SimpleOAuth2Tests */,
			);
			name = Tests;
			sourceTree = SOURCE_ROOT;
		};
		OBJ_11 /* SimpleOAuth2Tests */ = {
			isa = PBXGroup;
			children = (
				OBJ_12 /* SimpleOAuth2Tests.swift */,
			);
			name = SimpleOAuth2Tests;
			path = Tests/SimpleOAuth2Tests;
			sourceTree = SOURCE_ROOT;
		};
		OBJ_14 /* Products */ = {
			isa = PBXGroup;
			children = (
				"SimpleOAuth2::SimpleOAuth2::Product" /* SimpleOAuth2.framework */,
				"SimpleOAuth2::SimpleOAuth2Tests::Product" /* SimpleOAuth2Tests.xctest */,
				FA4C6506257A37AD008F7CF8 /* Demo.app */,
				FA4C650D257A37AD008F7CF8 /* Demo.app */,
			);
			name = Products;
			sourceTree = BUILT_PRODUCTS_DIR;
		};
		OBJ_5 /*  */ = {
			isa = PBXGroup;
			children = (
				OBJ_6 /* Package.swift */,
				OBJ_7 /* Sources */,
				OBJ_10 /* Tests */,
				FA4C64FE257A37AB008F7CF8 /* Shared */,
				FA4C6507257A37AD008F7CF8 /* iOS */,
				FA4C650E257A37AD008F7CF8 /* macOS */,
				OBJ_14 /* Products */,
			);
			name = "";
			sourceTree = "<group>";
		};
		OBJ_7 /* Sources */ = {
			isa = PBXGroup;
			children = (
				OBJ_8 /* SimpleOAuth2 */,
			);
			name = Sources;
			sourceTree = SOURCE_ROOT;
		};
		OBJ_8 /* SimpleOAuth2 */ = {
			isa = PBXGroup;
			children = (
				FA4C6624257D71C2008F7CF8 /* Extensions */,
				FA4C64D2257A35D8008F7CF8 /* OAuth2+Extensions.swift */,
				FA4C64D0257A35D8008F7CF8 /* OAuth2Error.swift */,
				FA4C64D4257A35D8008F7CF8 /* OAuth2Manager.swift */,
				FA4C64D3257A35D8008F7CF8 /* OAuth2Models.swift */,
			);
			name = SimpleOAuth2;
			path = Sources/SimpleOAuth2;
			sourceTree = SOURCE_ROOT;
		};
/* End PBXGroup section */

/* Begin PBXNativeTarget section */
		FA4C6505257A37AD008F7CF8 /* Demo (iOS) */ = {
			isa = PBXNativeTarget;
			buildConfigurationList = FA4C6517257A37AD008F7CF8 /* Build configuration list for PBXNativeTarget "Demo (iOS)" */;
			buildPhases = (
				FA4C6502257A37AD008F7CF8 /* Sources */,
				FA4C6503257A37AD008F7CF8 /* Frameworks */,
				FA4C6504257A37AD008F7CF8 /* Resources */,
				FA4C658B257AB1DF008F7CF8 /* Embed Frameworks */,
			);
			buildRules = (
			);
			dependencies = (
			);
			name = "Demo (iOS)";
			productName = "Demo (iOS)";
			productReference = FA4C6506257A37AD008F7CF8 /* Demo.app */;
			productType = "com.apple.product-type.application";
		};
		FA4C650C257A37AD008F7CF8 /* Demo (macOS) */ = {
			isa = PBXNativeTarget;
			buildConfigurationList = FA4C651A257A37AD008F7CF8 /* Build configuration list for PBXNativeTarget "Demo (macOS)" */;
			buildPhases = (
				FA4C6509257A37AD008F7CF8 /* Sources */,
				FA4C650A257A37AD008F7CF8 /* Frameworks */,
				FA4C650B257A37AD008F7CF8 /* Resources */,
				FA4C65ED257ABD7D008F7CF8 /* Embed Frameworks */,
			);
			buildRules = (
			);
			dependencies = (
			);
			name = "Demo (macOS)";
			productName = "Demo (macOS)";
			productReference = FA4C650D257A37AD008F7CF8 /* Demo.app */;
			productType = "com.apple.product-type.application";
		};
		"SimpleOAuth2::SimpleOAuth2" /* SimpleOAuth2 */ = {
			isa = PBXNativeTarget;
			buildConfigurationList = OBJ_18 /* Build configuration list for PBXNativeTarget "SimpleOAuth2" */;
			buildPhases = (
				OBJ_21 /* Sources */,
				OBJ_23 /* Frameworks */,
			);
			buildRules = (
			);
			dependencies = (
			);
			name = SimpleOAuth2;
			packageProductDependencies = (
			);
			productName = SimpleOAuth2;
			productReference = "SimpleOAuth2::SimpleOAuth2::Product" /* SimpleOAuth2.framework */;
			productType = "com.apple.product-type.framework";
		};
		"SimpleOAuth2::SimpleOAuth2Tests" /* SimpleOAuth2Tests */ = {
			isa = PBXNativeTarget;
			buildConfigurationList = OBJ_36 /* Build configuration list for PBXNativeTarget "SimpleOAuth2Tests" */;
			buildPhases = (
				OBJ_39 /* Sources */,
				OBJ_42 /* Frameworks */,
			);
			buildRules = (
			);
			dependencies = (
				OBJ_44 /* PBXTargetDependency */,
			);
			name = SimpleOAuth2Tests;
			productName = SimpleOAuth2Tests;
			productReference = "SimpleOAuth2::SimpleOAuth2Tests::Product" /* SimpleOAuth2Tests.xctest */;
			productType = "com.apple.product-type.bundle.unit-test";
		};
		"SimpleOAuth2::SwiftPMPackageDescription" /* SimpleOAuth2PackageDescription */ = {
			isa = PBXNativeTarget;
			buildConfigurationList = OBJ_25 /* Build configuration list for PBXNativeTarget "SimpleOAuth2PackageDescription" */;
			buildPhases = (
				OBJ_28 /* Sources */,
			);
			buildRules = (
			);
			dependencies = (
			);
			name = SimpleOAuth2PackageDescription;
			productName = SimpleOAuth2PackageDescription;
			productType = "com.apple.product-type.framework";
		};
/* End PBXNativeTarget section */

/* Begin PBXProject section */
		OBJ_1 /* Project object */ = {
			isa = PBXProject;
			attributes = {
				LastSwiftMigration = 9999;
				LastSwiftUpdateCheck = 1220;
				LastUpgradeCheck = 9999;
				TargetAttributes = {
					FA4C6505257A37AD008F7CF8 = {
						CreatedOnToolsVersion = 12.2;
						DevelopmentTeam = 52GGBJS2G2;
						ProvisioningStyle = Automatic;
					};
					FA4C650C257A37AD008F7CF8 = {
						CreatedOnToolsVersion = 12.2;
						DevelopmentTeam = 52GGBJS2G2;
						ProvisioningStyle = Automatic;
					};
					"SimpleOAuth2::SimpleOAuth2" = {
						LastSwiftMigration = 1220;
					};
				};
			};
			buildConfigurationList = OBJ_2 /* Build configuration list for PBXProject "SimpleOAuth2" */;
			compatibilityVersion = "Xcode 3.2";
			developmentRegion = en;
			hasScannedForEncodings = 0;
			knownRegions = (
				en,
			);
			mainGroup = OBJ_5 /*  */;
			packageReferences = (
			);
			productRefGroup = OBJ_14 /* Products */;
			projectDirPath = "";
			projectRoot = "";
			targets = (
				"SimpleOAuth2::SimpleOAuth2" /* SimpleOAuth2 */,
				"SimpleOAuth2::SwiftPMPackageDescription" /* SimpleOAuth2PackageDescription */,
				"SimpleOAuth2::SimpleOAuth2PackageTests::ProductTarget" /* SimpleOAuth2PackageTests */,
				"SimpleOAuth2::SimpleOAuth2Tests" /* SimpleOAuth2Tests */,
				FA4C6505257A37AD008F7CF8 /* Demo (iOS) */,
				FA4C650C257A37AD008F7CF8 /* Demo (macOS) */,
			);
		};
/* End PBXProject section */

/* Begin PBXResourcesBuildPhase section */
		FA4C6504257A37AD008F7CF8 /* Resources */ = {
			isa = PBXResourcesBuildPhase;
			buildActionMask = 2147483647;
			files = (
				FA4C6515257A37AD008F7CF8 /* Assets.xcassets in Resources */,
			);
			runOnlyForDeploymentPostprocessing = 0;
		};
		FA4C650B257A37AD008F7CF8 /* Resources */ = {
			isa = PBXResourcesBuildPhase;
			buildActionMask = 2147483647;
			files = (
				FA4C6516257A37AD008F7CF8 /* Assets.xcassets in Resources */,
			);
			runOnlyForDeploymentPostprocessing = 0;
		};
/* End PBXResourcesBuildPhase section */

/* Begin PBXSourcesBuildPhase section */
		FA4C6502257A37AD008F7CF8 /* Sources */ = {
			isa = PBXSourcesBuildPhase;
			buildActionMask = 2147483647;
			files = (
				FA4C65FA257ABDB1008F7CF8 /* OAuth2+Extensions.swift in Sources */,
				FA4C65F6257ABDB1008F7CF8 /* OAuth2Models.swift in Sources */,
				FA4C65F9257ABDB1008F7CF8 /* JsonDecoder+Extensions.swift in Sources */,
				FA4C6513257A37AD008F7CF8 /* ContentView.swift in Sources */,
				FA4C65F7257ABDB1008F7CF8 /* OAuth2Error.swift in Sources */,
				FA4C6511257A37AD008F7CF8 /* DemoApp.swift in Sources */,
				FA4C65F8257ABDB1008F7CF8 /* OAuth2Manager.swift in Sources */,
				FA4C6560257AAB81008F7CF8 /* CredentialsView.swift in Sources */,
			);
			runOnlyForDeploymentPostprocessing = 0;
		};
		FA4C6509257A37AD008F7CF8 /* Sources */ = {
			isa = PBXSourcesBuildPhase;
			buildActionMask = 2147483647;
			files = (
				FA4C6603257ABDB2008F7CF8 /* OAuth2+Extensions.swift in Sources */,
				FA4C65FF257ABDB2008F7CF8 /* OAuth2Models.swift in Sources */,
				FA4C6602257ABDB2008F7CF8 /* JsonDecoder+Extensions.swift in Sources */,
				FA4C6514257A37AD008F7CF8 /* ContentView.swift in Sources */,
				FA4C6600257ABDB2008F7CF8 /* OAuth2Error.swift in Sources */,
				FA4C6512257A37AD008F7CF8 /* DemoApp.swift in Sources */,
				FA4C6601257ABDB2008F7CF8 /* OAuth2Manager.swift in Sources */,
				FA4C6561257AAB81008F7CF8 /* CredentialsView.swift in Sources */,
			);
			runOnlyForDeploymentPostprocessing = 0;
		};
		OBJ_21 /* Sources */ = {
			isa = PBXSourcesBuildPhase;
			buildActionMask = 0;
			files = (
				FA4C64D8257A35D8008F7CF8 /* OAuth2Models.swift in Sources */,
				FA4C64D7257A35D8008F7CF8 /* OAuth2+Extensions.swift in Sources */,
				FA4C64D9257A35D8008F7CF8 /* OAuth2Manager.swift in Sources */,
				FA4C64D6257A35D8008F7CF8 /* JsonDecoder+Extensions.swift in Sources */,
				FA4C64D5257A35D8008F7CF8 /* OAuth2Error.swift in Sources */,
			);
			runOnlyForDeploymentPostprocessing = 0;
		};
		OBJ_28 /* Sources */ = {
			isa = PBXSourcesBuildPhase;
			buildActionMask = 0;
			files = (
				OBJ_29 /* Package.swift in Sources */,
			);
			runOnlyForDeploymentPostprocessing = 0;
		};
		OBJ_39 /* Sources */ = {
			isa = PBXSourcesBuildPhase;
			buildActionMask = 0;
			files = (
				OBJ_40 /* SimpleOAuth2Tests.swift in Sources */,
			);
			runOnlyForDeploymentPostprocessing = 0;
		};
/* End PBXSourcesBuildPhase section */

/* Begin PBXTargetDependency section */
		OBJ_34 /* PBXTargetDependency */ = {
			isa = PBXTargetDependency;
			target = "SimpleOAuth2::SimpleOAuth2Tests" /* SimpleOAuth2Tests */;
			targetProxy = FA4C64C9257A35AD008F7CF8 /* PBXContainerItemProxy */;
		};
		OBJ_44 /* PBXTargetDependency */ = {
			isa = PBXTargetDependency;
			target = "SimpleOAuth2::SimpleOAuth2" /* SimpleOAuth2 */;
			targetProxy = FA4C64C6257A35AC008F7CF8 /* PBXContainerItemProxy */;
		};
/* End PBXTargetDependency section */

/* Begin XCBuildConfiguration section */
		FA4C6518257A37AD008F7CF8 /* Debug */ = {
			isa = XCBuildConfiguration;
			buildSettings = {
				ALWAYS_SEARCH_USER_PATHS = NO;
				ASSETCATALOG_COMPILER_APPICON_NAME = AppIcon;
				ASSETCATALOG_COMPILER_GLOBAL_ACCENT_COLOR_NAME = AccentColor;
				CLANG_ANALYZER_NONNULL = YES;
				CLANG_ANALYZER_NUMBER_OBJECT_CONVERSION = YES_AGGRESSIVE;
				CLANG_CXX_LANGUAGE_STANDARD = "gnu++14";
				CLANG_CXX_LIBRARY = "libc++";
				CLANG_ENABLE_MODULES = YES;
				CLANG_ENABLE_OBJC_WEAK = YES;
				CLANG_WARN_BLOCK_CAPTURE_AUTORELEASING = YES;
				CLANG_WARN_BOOL_CONVERSION = YES;
				CLANG_WARN_COMMA = YES;
				CLANG_WARN_CONSTANT_CONVERSION = YES;
				CLANG_WARN_DEPRECATED_OBJC_IMPLEMENTATIONS = YES;
				CLANG_WARN_DIRECT_OBJC_ISA_USAGE = YES_ERROR;
				CLANG_WARN_DOCUMENTATION_COMMENTS = YES;
				CLANG_WARN_EMPTY_BODY = YES;
				CLANG_WARN_ENUM_CONVERSION = YES;
				CLANG_WARN_INFINITE_RECURSION = YES;
				CLANG_WARN_INT_CONVERSION = YES;
				CLANG_WARN_NON_LITERAL_NULL_CONVERSION = YES;
				CLANG_WARN_OBJC_IMPLICIT_RETAIN_SELF = YES;
				CLANG_WARN_OBJC_LITERAL_CONVERSION = YES;
				CLANG_WARN_OBJC_ROOT_CLASS = YES_ERROR;
				CLANG_WARN_QUOTED_INCLUDE_IN_FRAMEWORK_HEADER = YES;
				CLANG_WARN_RANGE_LOOP_ANALYSIS = YES;
				CLANG_WARN_STRICT_PROTOTYPES = YES;
				CLANG_WARN_SUSPICIOUS_MOVE = YES;
				CLANG_WARN_UNGUARDED_AVAILABILITY = YES_AGGRESSIVE;
				CLANG_WARN_UNREACHABLE_CODE = YES;
				CLANG_WARN__DUPLICATE_METHOD_MATCH = YES;
				CODE_SIGN_STYLE = Automatic;
				DEVELOPMENT_TEAM = 52GGBJS2G2;
				ENABLE_PREVIEWS = YES;
				ENABLE_STRICT_OBJC_MSGSEND = YES;
				ENABLE_TESTABILITY = YES;
				FRAMEWORK_SEARCH_PATHS = (
					"$(inherited)",
					"$(PROJECT_DIR)/DerivedData/SimpleOAuth2/Build/Products/Debug-iphoneos",
					"$(PROJECT_DIR)/DerivedData/SimpleOAuth2/Build/Products/Debug",
					"$(PROJECT_DIR)/iOS",
					"$(PROJECT_DIR)/macOS",
				);
				GCC_C_LANGUAGE_STANDARD = gnu11;
				GCC_DYNAMIC_NO_PIC = NO;
				GCC_NO_COMMON_BLOCKS = YES;
				GCC_PREPROCESSOR_DEFINITIONS = (
					"DEBUG=1",
					"$(inherited)",
				);
				GCC_WARN_64_TO_32_BIT_CONVERSION = YES;
				GCC_WARN_ABOUT_RETURN_TYPE = YES_ERROR;
				GCC_WARN_UNDECLARED_SELECTOR = YES;
				GCC_WARN_UNINITIALIZED_AUTOS = YES_AGGRESSIVE;
				GCC_WARN_UNUSED_FUNCTION = YES;
				GCC_WARN_UNUSED_VARIABLE = YES;
				INFOPLIST_FILE = iOS/Info.plist;
				IPHONEOS_DEPLOYMENT_TARGET = 14.0;
				LD_RUNPATH_SEARCH_PATHS = "$(inherited) @executable_path/Frameworks";
				MTL_ENABLE_DEBUG_INFO = INCLUDE_SOURCE;
				MTL_FAST_MATH = YES;
				PRODUCT_BUNDLE_IDENTIFIER = com.hadiidbouk.Demo;
				PRODUCT_NAME = Demo;
				SDKROOT = iphoneos;
				SWIFT_ACTIVE_COMPILATION_CONDITIONS = DEBUG;
				SWIFT_VERSION = 5.0;
				TARGETED_DEVICE_FAMILY = "1,2";
			};
			name = Debug;
		};
		FA4C6519257A37AD008F7CF8 /* Release */ = {
			isa = XCBuildConfiguration;
			buildSettings = {
				ALWAYS_SEARCH_USER_PATHS = NO;
				ASSETCATALOG_COMPILER_APPICON_NAME = AppIcon;
				ASSETCATALOG_COMPILER_GLOBAL_ACCENT_COLOR_NAME = AccentColor;
				CLANG_ANALYZER_NONNULL = YES;
				CLANG_ANALYZER_NUMBER_OBJECT_CONVERSION = YES_AGGRESSIVE;
				CLANG_CXX_LANGUAGE_STANDARD = "gnu++14";
				CLANG_CXX_LIBRARY = "libc++";
				CLANG_ENABLE_MODULES = YES;
				CLANG_ENABLE_OBJC_WEAK = YES;
				CLANG_WARN_BLOCK_CAPTURE_AUTORELEASING = YES;
				CLANG_WARN_BOOL_CONVERSION = YES;
				CLANG_WARN_COMMA = YES;
				CLANG_WARN_CONSTANT_CONVERSION = YES;
				CLANG_WARN_DEPRECATED_OBJC_IMPLEMENTATIONS = YES;
				CLANG_WARN_DIRECT_OBJC_ISA_USAGE = YES_ERROR;
				CLANG_WARN_DOCUMENTATION_COMMENTS = YES;
				CLANG_WARN_EMPTY_BODY = YES;
				CLANG_WARN_ENUM_CONVERSION = YES;
				CLANG_WARN_INFINITE_RECURSION = YES;
				CLANG_WARN_INT_CONVERSION = YES;
				CLANG_WARN_NON_LITERAL_NULL_CONVERSION = YES;
				CLANG_WARN_OBJC_IMPLICIT_RETAIN_SELF = YES;
				CLANG_WARN_OBJC_LITERAL_CONVERSION = YES;
				CLANG_WARN_OBJC_ROOT_CLASS = YES_ERROR;
				CLANG_WARN_QUOTED_INCLUDE_IN_FRAMEWORK_HEADER = YES;
				CLANG_WARN_RANGE_LOOP_ANALYSIS = YES;
				CLANG_WARN_STRICT_PROTOTYPES = YES;
				CLANG_WARN_SUSPICIOUS_MOVE = YES;
				CLANG_WARN_UNGUARDED_AVAILABILITY = YES_AGGRESSIVE;
				CLANG_WARN_UNREACHABLE_CODE = YES;
				CLANG_WARN__DUPLICATE_METHOD_MATCH = YES;
				CODE_SIGN_STYLE = Automatic;
				COPY_PHASE_STRIP = NO;
				DEVELOPMENT_TEAM = 52GGBJS2G2;
				ENABLE_NS_ASSERTIONS = NO;
				ENABLE_PREVIEWS = YES;
				ENABLE_STRICT_OBJC_MSGSEND = YES;
				FRAMEWORK_SEARCH_PATHS = (
					"$(inherited)",
					"$(PROJECT_DIR)/DerivedData/SimpleOAuth2/Build/Products/Debug-iphoneos",
					"$(PROJECT_DIR)/DerivedData/SimpleOAuth2/Build/Products/Debug",
					"$(PROJECT_DIR)/iOS",
					"$(PROJECT_DIR)/macOS",
				);
				GCC_C_LANGUAGE_STANDARD = gnu11;
				GCC_NO_COMMON_BLOCKS = YES;
				GCC_WARN_64_TO_32_BIT_CONVERSION = YES;
				GCC_WARN_ABOUT_RETURN_TYPE = YES_ERROR;
				GCC_WARN_UNDECLARED_SELECTOR = YES;
				GCC_WARN_UNINITIALIZED_AUTOS = YES_AGGRESSIVE;
				GCC_WARN_UNUSED_FUNCTION = YES;
				GCC_WARN_UNUSED_VARIABLE = YES;
				INFOPLIST_FILE = iOS/Info.plist;
				IPHONEOS_DEPLOYMENT_TARGET = 14.0;
				LD_RUNPATH_SEARCH_PATHS = "$(inherited) @executable_path/Frameworks";
				MTL_ENABLE_DEBUG_INFO = NO;
				MTL_FAST_MATH = YES;
				PRODUCT_BUNDLE_IDENTIFIER = com.hadiidbouk.Demo;
				PRODUCT_NAME = Demo;
				SDKROOT = iphoneos;
				SWIFT_VERSION = 5.0;
				TARGETED_DEVICE_FAMILY = "1,2";
				VALIDATE_PRODUCT = YES;
			};
			name = Release;
		};
		FA4C651B257A37AD008F7CF8 /* Debug */ = {
			isa = XCBuildConfiguration;
			buildSettings = {
				ALWAYS_SEARCH_USER_PATHS = NO;
				ASSETCATALOG_COMPILER_APPICON_NAME = AppIcon;
				ASSETCATALOG_COMPILER_GLOBAL_ACCENT_COLOR_NAME = AccentColor;
				CLANG_ANALYZER_NONNULL = YES;
				CLANG_ANALYZER_NUMBER_OBJECT_CONVERSION = YES_AGGRESSIVE;
				CLANG_CXX_LANGUAGE_STANDARD = "gnu++14";
				CLANG_CXX_LIBRARY = "libc++";
				CLANG_ENABLE_MODULES = YES;
				CLANG_ENABLE_OBJC_WEAK = YES;
				CLANG_WARN_BLOCK_CAPTURE_AUTORELEASING = YES;
				CLANG_WARN_BOOL_CONVERSION = YES;
				CLANG_WARN_COMMA = YES;
				CLANG_WARN_CONSTANT_CONVERSION = YES;
				CLANG_WARN_DEPRECATED_OBJC_IMPLEMENTATIONS = YES;
				CLANG_WARN_DIRECT_OBJC_ISA_USAGE = YES_ERROR;
				CLANG_WARN_DOCUMENTATION_COMMENTS = YES;
				CLANG_WARN_EMPTY_BODY = YES;
				CLANG_WARN_ENUM_CONVERSION = YES;
				CLANG_WARN_INFINITE_RECURSION = YES;
				CLANG_WARN_INT_CONVERSION = YES;
				CLANG_WARN_NON_LITERAL_NULL_CONVERSION = YES;
				CLANG_WARN_OBJC_IMPLICIT_RETAIN_SELF = YES;
				CLANG_WARN_OBJC_LITERAL_CONVERSION = YES;
				CLANG_WARN_OBJC_ROOT_CLASS = YES_ERROR;
				CLANG_WARN_QUOTED_INCLUDE_IN_FRAMEWORK_HEADER = YES;
				CLANG_WARN_RANGE_LOOP_ANALYSIS = YES;
				CLANG_WARN_STRICT_PROTOTYPES = YES;
				CLANG_WARN_SUSPICIOUS_MOVE = YES;
				CLANG_WARN_UNGUARDED_AVAILABILITY = YES_AGGRESSIVE;
				CLANG_WARN_UNREACHABLE_CODE = YES;
				CLANG_WARN__DUPLICATE_METHOD_MATCH = YES;
				CODE_SIGN_ENTITLEMENTS = macOS/macOS.entitlements;
				CODE_SIGN_STYLE = Automatic;
				COMBINE_HIDPI_IMAGES = YES;
				DEVELOPMENT_TEAM = 52GGBJS2G2;
				ENABLE_HARDENED_RUNTIME = YES;
				ENABLE_PREVIEWS = YES;
				ENABLE_STRICT_OBJC_MSGSEND = YES;
				ENABLE_TESTABILITY = YES;
				FRAMEWORK_SEARCH_PATHS = (
					"$(inherited)",
					"$(PROJECT_DIR)/DerivedData/SimpleOAuth2/Build/Products/Debug-iphoneos",
					"$(PROJECT_DIR)/DerivedData/SimpleOAuth2/Build/Products/Debug",
					"$(PROJECT_DIR)/iOS",
					"$(PROJECT_DIR)/macOS",
				);
				GCC_C_LANGUAGE_STANDARD = gnu11;
				GCC_DYNAMIC_NO_PIC = NO;
				GCC_NO_COMMON_BLOCKS = YES;
				GCC_PREPROCESSOR_DEFINITIONS = (
					"DEBUG=1",
					"$(inherited)",
				);
				GCC_WARN_64_TO_32_BIT_CONVERSION = YES;
				GCC_WARN_ABOUT_RETURN_TYPE = YES_ERROR;
				GCC_WARN_UNDECLARED_SELECTOR = YES;
				GCC_WARN_UNINITIALIZED_AUTOS = YES_AGGRESSIVE;
				GCC_WARN_UNUSED_FUNCTION = YES;
				GCC_WARN_UNUSED_VARIABLE = YES;
				INFOPLIST_FILE = macOS/Info.plist;
				LD_RUNPATH_SEARCH_PATHS = "$(inherited) @executable_path/../Frameworks";
				MACOSX_DEPLOYMENT_TARGET = 11.0;
				MTL_ENABLE_DEBUG_INFO = INCLUDE_SOURCE;
				MTL_FAST_MATH = YES;
				PRODUCT_BUNDLE_IDENTIFIER = com.hadiidbouk.Demo;
				PRODUCT_NAME = Demo;
				SDKROOT = macosx;
				SWIFT_ACTIVE_COMPILATION_CONDITIONS = DEBUG;
				SWIFT_VERSION = 5.0;
			};
			name = Debug;
		};
		FA4C651C257A37AD008F7CF8 /* Release */ = {
			isa = XCBuildConfiguration;
			buildSettings = {
				ALWAYS_SEARCH_USER_PATHS = NO;
				ASSETCATALOG_COMPILER_APPICON_NAME = AppIcon;
				ASSETCATALOG_COMPILER_GLOBAL_ACCENT_COLOR_NAME = AccentColor;
				CLANG_ANALYZER_NONNULL = YES;
				CLANG_ANALYZER_NUMBER_OBJECT_CONVERSION = YES_AGGRESSIVE;
				CLANG_CXX_LANGUAGE_STANDARD = "gnu++14";
				CLANG_CXX_LIBRARY = "libc++";
				CLANG_ENABLE_MODULES = YES;
				CLANG_ENABLE_OBJC_WEAK = YES;
				CLANG_WARN_BLOCK_CAPTURE_AUTORELEASING = YES;
				CLANG_WARN_BOOL_CONVERSION = YES;
				CLANG_WARN_COMMA = YES;
				CLANG_WARN_CONSTANT_CONVERSION = YES;
				CLANG_WARN_DEPRECATED_OBJC_IMPLEMENTATIONS = YES;
				CLANG_WARN_DIRECT_OBJC_ISA_USAGE = YES_ERROR;
				CLANG_WARN_DOCUMENTATION_COMMENTS = YES;
				CLANG_WARN_EMPTY_BODY = YES;
				CLANG_WARN_ENUM_CONVERSION = YES;
				CLANG_WARN_INFINITE_RECURSION = YES;
				CLANG_WARN_INT_CONVERSION = YES;
				CLANG_WARN_NON_LITERAL_NULL_CONVERSION = YES;
				CLANG_WARN_OBJC_IMPLICIT_RETAIN_SELF = YES;
				CLANG_WARN_OBJC_LITERAL_CONVERSION = YES;
				CLANG_WARN_OBJC_ROOT_CLASS = YES_ERROR;
				CLANG_WARN_QUOTED_INCLUDE_IN_FRAMEWORK_HEADER = YES;
				CLANG_WARN_RANGE_LOOP_ANALYSIS = YES;
				CLANG_WARN_STRICT_PROTOTYPES = YES;
				CLANG_WARN_SUSPICIOUS_MOVE = YES;
				CLANG_WARN_UNGUARDED_AVAILABILITY = YES_AGGRESSIVE;
				CLANG_WARN_UNREACHABLE_CODE = YES;
				CLANG_WARN__DUPLICATE_METHOD_MATCH = YES;
				CODE_SIGN_ENTITLEMENTS = macOS/macOS.entitlements;
				CODE_SIGN_STYLE = Automatic;
				COMBINE_HIDPI_IMAGES = YES;
				COPY_PHASE_STRIP = NO;
				DEVELOPMENT_TEAM = 52GGBJS2G2;
				ENABLE_HARDENED_RUNTIME = YES;
				ENABLE_NS_ASSERTIONS = NO;
				ENABLE_PREVIEWS = YES;
				ENABLE_STRICT_OBJC_MSGSEND = YES;
				FRAMEWORK_SEARCH_PATHS = (
					"$(inherited)",
					"$(PROJECT_DIR)/DerivedData/SimpleOAuth2/Build/Products/Debug-iphoneos",
					"$(PROJECT_DIR)/DerivedData/SimpleOAuth2/Build/Products/Debug",
					"$(PROJECT_DIR)/iOS",
					"$(PROJECT_DIR)/macOS",
				);
				GCC_C_LANGUAGE_STANDARD = gnu11;
				GCC_NO_COMMON_BLOCKS = YES;
				GCC_WARN_64_TO_32_BIT_CONVERSION = YES;
				GCC_WARN_ABOUT_RETURN_TYPE = YES_ERROR;
				GCC_WARN_UNDECLARED_SELECTOR = YES;
				GCC_WARN_UNINITIALIZED_AUTOS = YES_AGGRESSIVE;
				GCC_WARN_UNUSED_FUNCTION = YES;
				GCC_WARN_UNUSED_VARIABLE = YES;
				INFOPLIST_FILE = macOS/Info.plist;
				LD_RUNPATH_SEARCH_PATHS = "$(inherited) @executable_path/../Frameworks";
				MACOSX_DEPLOYMENT_TARGET = 11.0;
				MTL_ENABLE_DEBUG_INFO = NO;
				MTL_FAST_MATH = YES;
				PRODUCT_BUNDLE_IDENTIFIER = com.hadiidbouk.Demo;
				PRODUCT_NAME = Demo;
				SDKROOT = macosx;
				SWIFT_VERSION = 5.0;
			};
			name = Release;
		};
		OBJ_19 /* Debug */ = {
			isa = XCBuildConfiguration;
			buildSettings = {
				CLANG_ENABLE_MODULES = YES;
				DEFINES_MODULE = YES;
				ENABLE_TESTABILITY = YES;
				FRAMEWORK_SEARCH_PATHS = (
					"$(inherited)",
					"$(PLATFORM_DIR)/Developer/Library/Frameworks",
				);
				HEADER_SEARCH_PATHS = "$(inherited)";
				INFOPLIST_FILE = SimpleOAuth2.xcodeproj/SimpleOAuth2_Info.plist;
				IPHONEOS_DEPLOYMENT_TARGET = 13.0;
				LD_RUNPATH_SEARCH_PATHS = "$(inherited) $(TOOLCHAIN_DIR)/usr/lib/swift/macosx";
				MACOSX_DEPLOYMENT_TARGET = 10.15;
				OTHER_CFLAGS = "$(inherited)";
				OTHER_LDFLAGS = "$(inherited)";
				OTHER_SWIFT_FLAGS = "$(inherited)";
				PRODUCT_BUNDLE_IDENTIFIER = SimpleOAuth2;
				PRODUCT_MODULE_NAME = "$(TARGET_NAME:c99extidentifier)";
				PRODUCT_NAME = "$(TARGET_NAME:c99extidentifier)";
				SKIP_INSTALL = YES;
				SWIFT_ACTIVE_COMPILATION_CONDITIONS = "$(inherited)";
				SWIFT_OPTIMIZATION_LEVEL = "-Onone";
				SWIFT_VERSION = 5.0;
				TARGET_NAME = SimpleOAuth2;
				TVOS_DEPLOYMENT_TARGET = 13.0;
				WATCHOS_DEPLOYMENT_TARGET = 6.0;
			};
			name = Debug;
		};
		OBJ_20 /* Release */ = {
			isa = XCBuildConfiguration;
			buildSettings = {
				CLANG_ENABLE_MODULES = YES;
				DEFINES_MODULE = YES;
				ENABLE_TESTABILITY = YES;
				FRAMEWORK_SEARCH_PATHS = (
					"$(inherited)",
					"$(PLATFORM_DIR)/Developer/Library/Frameworks",
				);
				HEADER_SEARCH_PATHS = "$(inherited)";
				INFOPLIST_FILE = SimpleOAuth2.xcodeproj/SimpleOAuth2_Info.plist;
				IPHONEOS_DEPLOYMENT_TARGET = 13.0;
				LD_RUNPATH_SEARCH_PATHS = "$(inherited) $(TOOLCHAIN_DIR)/usr/lib/swift/macosx";
				MACOSX_DEPLOYMENT_TARGET = 10.15;
				OTHER_CFLAGS = "$(inherited)";
				OTHER_LDFLAGS = "$(inherited)";
				OTHER_SWIFT_FLAGS = "$(inherited)";
				PRODUCT_BUNDLE_IDENTIFIER = SimpleOAuth2;
				PRODUCT_MODULE_NAME = "$(TARGET_NAME:c99extidentifier)";
				PRODUCT_NAME = "$(TARGET_NAME:c99extidentifier)";
				SKIP_INSTALL = YES;
				SWIFT_ACTIVE_COMPILATION_CONDITIONS = "$(inherited)";
				SWIFT_VERSION = 5.0;
				TARGET_NAME = SimpleOAuth2;
				TVOS_DEPLOYMENT_TARGET = 13.0;
				WATCHOS_DEPLOYMENT_TARGET = 6.0;
			};
			name = Release;
		};
		OBJ_26 /* Debug */ = {
			isa = XCBuildConfiguration;
			buildSettings = {
				LD = /usr/bin/true;
				OTHER_SWIFT_FLAGS = "-swift-version 5 -I $(TOOLCHAIN_DIR)/usr/lib/swift/pm/4_2 -sdk /Applications/Xcode.app/Contents/Developer/Platforms/MacOSX.platform/Developer/SDKs/MacOSX11.0.sdk -package-description-version 5.3.0";
				SWIFT_VERSION = 5.0;
			};
			name = Debug;
		};
		OBJ_27 /* Release */ = {
			isa = XCBuildConfiguration;
			buildSettings = {
				LD = /usr/bin/true;
				OTHER_SWIFT_FLAGS = "-swift-version 5 -I $(TOOLCHAIN_DIR)/usr/lib/swift/pm/4_2 -sdk /Applications/Xcode.app/Contents/Developer/Platforms/MacOSX.platform/Developer/SDKs/MacOSX11.0.sdk -package-description-version 5.3.0";
				SWIFT_VERSION = 5.0;
			};
			name = Release;
		};
		OBJ_3 /* Debug */ = {
			isa = XCBuildConfiguration;
			buildSettings = {
				CLANG_ENABLE_OBJC_ARC = YES;
				COMBINE_HIDPI_IMAGES = YES;
				COPY_PHASE_STRIP = NO;
				DEBUG_INFORMATION_FORMAT = dwarf;
				DYLIB_INSTALL_NAME_BASE = "@rpath";
				ENABLE_NS_ASSERTIONS = YES;
				GCC_OPTIMIZATION_LEVEL = 0;
				GCC_PREPROCESSOR_DEFINITIONS = (
					"$(inherited)",
					"SWIFT_PACKAGE=1",
					"DEBUG=1",
				);
				MACOSX_DEPLOYMENT_TARGET = 10.15;
				ONLY_ACTIVE_ARCH = YES;
				OTHER_SWIFT_FLAGS = "$(inherited) -DXcode";
				PRODUCT_NAME = "$(TARGET_NAME)";
				SDKROOT = macosx;
				SUPPORTED_PLATFORMS = "macosx iphoneos iphonesimulator appletvos appletvsimulator watchos watchsimulator";
				SWIFT_ACTIVE_COMPILATION_CONDITIONS = "$(inherited) SWIFT_PACKAGE DEBUG";
				SWIFT_OPTIMIZATION_LEVEL = "-Onone";
				USE_HEADERMAP = NO;
			};
			name = Debug;
		};
		OBJ_32 /* Debug */ = {
			isa = XCBuildConfiguration;
			buildSettings = {
			};
			name = Debug;
		};
		OBJ_33 /* Release */ = {
			isa = XCBuildConfiguration;
			buildSettings = {
			};
			name = Release;
		};
		OBJ_37 /* Debug */ = {
			isa = XCBuildConfiguration;
			buildSettings = {
				ALWAYS_EMBED_SWIFT_STANDARD_LIBRARIES = YES;
				CLANG_ENABLE_MODULES = YES;
				EMBEDDED_CONTENT_CONTAINS_SWIFT = YES;
				FRAMEWORK_SEARCH_PATHS = (
					"$(inherited)",
					"$(PLATFORM_DIR)/Developer/Library/Frameworks",
				);
				HEADER_SEARCH_PATHS = "$(inherited)";
				INFOPLIST_FILE = SimpleOAuth2.xcodeproj/SimpleOAuth2Tests_Info.plist;
				IPHONEOS_DEPLOYMENT_TARGET = 14.0;
				LD_RUNPATH_SEARCH_PATHS = "$(inherited) @loader_path/../Frameworks @loader_path/Frameworks";
				MACOSX_DEPLOYMENT_TARGET = 10.15;
				OTHER_CFLAGS = "$(inherited)";
				OTHER_LDFLAGS = "$(inherited)";
				OTHER_SWIFT_FLAGS = "$(inherited)";
				SWIFT_ACTIVE_COMPILATION_CONDITIONS = "$(inherited)";
				SWIFT_VERSION = 5.0;
				TARGET_NAME = SimpleOAuth2Tests;
				TVOS_DEPLOYMENT_TARGET = 9.0;
				WATCHOS_DEPLOYMENT_TARGET = 2.0;
			};
			name = Debug;
		};
		OBJ_38 /* Release */ = {
			isa = XCBuildConfiguration;
			buildSettings = {
				ALWAYS_EMBED_SWIFT_STANDARD_LIBRARIES = YES;
				CLANG_ENABLE_MODULES = YES;
				EMBEDDED_CONTENT_CONTAINS_SWIFT = YES;
				FRAMEWORK_SEARCH_PATHS = (
					"$(inherited)",
					"$(PLATFORM_DIR)/Developer/Library/Frameworks",
				);
				HEADER_SEARCH_PATHS = "$(inherited)";
				INFOPLIST_FILE = SimpleOAuth2.xcodeproj/SimpleOAuth2Tests_Info.plist;
				IPHONEOS_DEPLOYMENT_TARGET = 14.0;
				LD_RUNPATH_SEARCH_PATHS = "$(inherited) @loader_path/../Frameworks @loader_path/Frameworks";
				MACOSX_DEPLOYMENT_TARGET = 10.15;
				OTHER_CFLAGS = "$(inherited)";
				OTHER_LDFLAGS = "$(inherited)";
				OTHER_SWIFT_FLAGS = "$(inherited)";
				SWIFT_ACTIVE_COMPILATION_CONDITIONS = "$(inherited)";
				SWIFT_VERSION = 5.0;
				TARGET_NAME = SimpleOAuth2Tests;
				TVOS_DEPLOYMENT_TARGET = 9.0;
				WATCHOS_DEPLOYMENT_TARGET = 2.0;
			};
			name = Release;
		};
		OBJ_4 /* Release */ = {
			isa = XCBuildConfiguration;
			buildSettings = {
				CLANG_ENABLE_OBJC_ARC = YES;
				COMBINE_HIDPI_IMAGES = YES;
				COPY_PHASE_STRIP = YES;
				DEBUG_INFORMATION_FORMAT = "dwarf-with-dsym";
				DYLIB_INSTALL_NAME_BASE = "@rpath";
				GCC_OPTIMIZATION_LEVEL = s;
				GCC_PREPROCESSOR_DEFINITIONS = (
					"$(inherited)",
					"SWIFT_PACKAGE=1",
				);
				MACOSX_DEPLOYMENT_TARGET = 10.15;
				OTHER_SWIFT_FLAGS = "$(inherited) -DXcode";
				PRODUCT_NAME = "$(TARGET_NAME)";
				SDKROOT = macosx;
				SUPPORTED_PLATFORMS = "macosx iphoneos iphonesimulator appletvos appletvsimulator watchos watchsimulator";
				SWIFT_ACTIVE_COMPILATION_CONDITIONS = "$(inherited) SWIFT_PACKAGE";
				SWIFT_OPTIMIZATION_LEVEL = "-Owholemodule";
				USE_HEADERMAP = NO;
			};
			name = Release;
		};
/* End XCBuildConfiguration section */

/* Begin XCConfigurationList section */
		FA4C6517257A37AD008F7CF8 /* Build configuration list for PBXNativeTarget "Demo (iOS)" */ = {
			isa = XCConfigurationList;
			buildConfigurations = (
				FA4C6518257A37AD008F7CF8 /* Debug */,
				FA4C6519257A37AD008F7CF8 /* Release */,
			);
			defaultConfigurationIsVisible = 0;
			defaultConfigurationName = Release;
		};
		FA4C651A257A37AD008F7CF8 /* Build configuration list for PBXNativeTarget "Demo (macOS)" */ = {
			isa = XCConfigurationList;
			buildConfigurations = (
				FA4C651B257A37AD008F7CF8 /* Debug */,
				FA4C651C257A37AD008F7CF8 /* Release */,
			);
			defaultConfigurationIsVisible = 0;
			defaultConfigurationName = Release;
		};
		OBJ_18 /* Build configuration list for PBXNativeTarget "SimpleOAuth2" */ = {
			isa = XCConfigurationList;
			buildConfigurations = (
				OBJ_19 /* Debug */,
				OBJ_20 /* Release */,
			);
			defaultConfigurationIsVisible = 0;
			defaultConfigurationName = Release;
		};
		OBJ_2 /* Build configuration list for PBXProject "SimpleOAuth2" */ = {
			isa = XCConfigurationList;
			buildConfigurations = (
				OBJ_3 /* Debug */,
				OBJ_4 /* Release */,
			);
			defaultConfigurationIsVisible = 0;
			defaultConfigurationName = Release;
		};
		OBJ_25 /* Build configuration list for PBXNativeTarget "SimpleOAuth2PackageDescription" */ = {
			isa = XCConfigurationList;
			buildConfigurations = (
				OBJ_26 /* Debug */,
				OBJ_27 /* Release */,
			);
			defaultConfigurationIsVisible = 0;
			defaultConfigurationName = Release;
		};
		OBJ_31 /* Build configuration list for PBXAggregateTarget "SimpleOAuth2PackageTests" */ = {
			isa = XCConfigurationList;
			buildConfigurations = (
				OBJ_32 /* Debug */,
				OBJ_33 /* Release */,
			);
			defaultConfigurationIsVisible = 0;
			defaultConfigurationName = Release;
		};
		OBJ_36 /* Build configuration list for PBXNativeTarget "SimpleOAuth2Tests" */ = {
			isa = XCConfigurationList;
			buildConfigurations = (
				OBJ_37 /* Debug */,
				OBJ_38 /* Release */,
			);
			defaultConfigurationIsVisible = 0;
			defaultConfigurationName = Release;
		};
/* End XCConfigurationList section */
	};
	rootObject = OBJ_1 /* Project object */;
}
